
Microsoft Visual Studio Solution File, Format Version 12.00
# Visual Studio 15
VisualStudioVersion = 15.0.28307.1062
MinimumVisualStudioVersion = 10.0.40219.1
Project("{FAE04EC0-301F-11D3-BF4B-00C04F79EFBC}") = "Task 1", "Task 1\Task 1.csproj", "{06CA762B-81ED-417E-85B1-01E1F5644728}"
EndProject
Global
	GlobalSection(SolutionConfigurationPlatforms) = preSolution
		Debug|Any CPU = Debug|Any CPU
		Release|Any CPU = Release|Any CPU
	EndGlobalSection
	GlobalSection(ProjectConfigurationPlatforms) = postSolution
		{06CA762B-81ED-417E-85B1-01E1F5644728}.Debug|Any CPU.ActiveCfg = Debug|Any CPU
		{06CA762B-81ED-417E-85B1-01E1F5644728}.Debug|Any CPU.Build.0 = Debug|Any CPU
		{06CA762B-81ED-417E-85B1-01E1F5644728}.Release|Any CPU.ActiveCfg = Release|Any CPU
		{06CA762B-81ED-417E-85B1-01E1F5644728}.Release|Any CPU.Build.0 = Release|Any CPU
	EndGlobalSection
	GlobalSection(SolutionProperties) = preSolution
		HideSolutionNode = FALSE
	EndGlobalSection
	GlobalSection(ExtensibilityGlobals) = postSolution
		SolutionGuid = {C5BB374D-3AB1-4F29-8A8C-1CBE3871616B}
	EndGlobalSection
EndGlobal
